
Microsoft Visual Studio Solution File, Format Version 12.00
# Visual Studio Version 17
VisualStudioVersion = 17.7.34031.279
MinimumVisualStudioVersion = 10.0.40219.1
Project("{FAE04EC0-301F-11D3-BF4B-00C04F79EFBC}") = "WebPipi", "WebPipi\WebPipi.csproj", "{198FD099-EB97-4EA5-B40B-C4B0E0D072C7}"
EndProject
Global
	GlobalSection(SolutionConfigurationPlatforms) = preSolution
		Debug|Any CPU = Debug|Any CPU
		Release|Any CPU = Release|Any CPU
	EndGlobalSection
	GlobalSection(ProjectConfigurationPlatforms) = postSolution
		{198FD099-EB97-4EA5-B40B-C4B0E0D072C7}.Debug|Any CPU.ActiveCfg = Debug|Any CPU
		{198FD099-EB97-4EA5-B40B-C4B0E0D072C7}.Debug|Any CPU.Build.0 = Debug|Any CPU
		{198FD099-EB97-4EA5-B40B-C4B0E0D072C7}.Release|Any CPU.ActiveCfg = Release|Any CPU
		{198FD099-EB97-4EA5-B40B-C4B0E0D072C7}.Release|Any CPU.Build.0 = Release|Any CPU
	EndGlobalSection
	GlobalSection(SolutionProperties) = preSolution
		HideSolutionNode = FALSE
	EndGlobalSection
	GlobalSection(ExtensibilityGlobals) = postSolution
		SolutionGuid = {C74824AA-10CB-4B25-A240-5AE132F7D754}
	EndGlobalSection
EndGlobal
